github.com/josexy/net v0.0.0-20260809092324-c0d6b15b8e7b h1:Wvj0rSQ+WISVjpMnx2Wci0nrRb9yAL444HaMbAWs5xk=
github.com/josexy/net v0.0.0-20260809092324-c0d6b15b8e7b/go.mod h1:U2/ek4YggQo15z4uwJcTmV/8S7EPplb9K4KQlAA0j2I=
golang.org/x/text v0.40.0 h1:Ub2Z6/xjgF1WrYQz2nuITOEegKFtiIy+rieRJ5lHZKs=
golang.org/x/text v0.40.0/go.mod h1:hpnzDAfGV753zIKo+wk3u1bVKCGPbrnF7+7LBF/UHVY=
