github.com/josexy/net v0.0.0-20260808021615-2ccc26511e18 h1:BZEyhZ3+mokH/PODlBzFmsBRqT0i3bAbW76DLps/KEA=
github.com/josexy/net v0.0.0-20260808021615-2ccc26511e18/go.mod h1:nqn+D8/6jgN5iDXRZanT2wuiawN677nn4Wnn7mgdr0A=
golang.org/x/text v0.40.0 h1:Ub2Z6/xjgF1WrYQz2nuITOEegKFtiIy+rieRJ5lHZKs=
golang.org/x/text v0.40.0/go.mod h1:hpnzDAfGV753zIKo+wk3u1bVKCGPbrnF7+7LBF/UHVY=
